
Microsoft Visual Studio Solution File, Format Version 12.00
# Visual Studio Version 16
VisualStudioVersion = 16.0.29920.165
MinimumVisualStudioVersion = 10.0.40219.1
Project("{FAE04EC0-301F-11D3-BF4B-00C04F79EFBC}") = "cash counter using stack", "cash counter using stack.csproj", "{19643E0E-4584-4780-86EC-DD5DE8BA017C}"
EndProject
Global
	GlobalSection(SolutionConfigurationPlatforms) = preSolution
		Debug|Any CPU = Debug|Any CPU
		Release|Any CPU = Release|Any CPU
	EndGlobalSection
	GlobalSection(ProjectConfigurationPlatforms) = postSolution
		{19643E0E-4584-4780-86EC-DD5DE8BA017C}.Debug|Any CPU.ActiveCfg = Debug|Any CPU
		{19643E0E-4584-4780-86EC-DD5DE8BA017C}.Debug|Any CPU.Build.0 = Debug|Any CPU
		{19643E0E-4584-4780-86EC-DD5DE8BA017C}.Release|Any CPU.ActiveCfg = Release|Any CPU
		{19643E0E-4584-4780-86EC-DD5DE8BA017C}.Release|Any CPU.Build.0 = Release|Any CPU
	EndGlobalSection
	GlobalSection(SolutionProperties) = preSolution
		HideSolutionNode = FALSE
	EndGlobalSection
	GlobalSection(ExtensibilityGlobals) = postSolution
		SolutionGuid = {1AF5AEA3-BAE4-4162-81E7-577056065EA8}
	EndGlobalSection
EndGlobal
